
Microsoft Visual Studio Solution File, Format Version 11.00
# Visual Studio 2010
Project("{FAE04EC0-301F-11D3-BF4B-00C04F79EFBC}") = "App", "App\App.csproj", "{E2B8E37C-AC7F-41C3-8909-469A01310BD0}"
EndProject
Project("{FAE04EC0-301F-11D3-BF4B-00C04F79EFBC}") = "Aufgabe2", "Aufgabe2\Aufgabe2.csproj", "{0F7ED510-3816-4B73-8E75-3C2D9544ED76}"
EndProject
Project("{FAE04EC0-301F-11D3-BF4B-00C04F79EFBC}") = "TestProjekt", "TestProjekt\TestProjekt.csproj", "{21BC533A-D3A4-4D8E-92D8-181584747BD8}"
EndProject
Project("{2150E333-8FDC-42A3-9474-1A3956D46DE8}") = "Solution Items", "Solution Items", "{3EBB195C-089D-4D57-8B0F-17CF133D7D77}"
	ProjectSection(SolutionItems) = preProject
		App.vsmdi = App.vsmdi
		Local.testsettings = Local.testsettings
		TraceAndTestImpact.testsettings = TraceAndTestImpact.testsettings
	EndProjectSection
EndProject
Project("{2150E333-8FDC-42A3-9474-1A3956D46DE8}") = "User Interface", "User Interface", "{06FBA007-B2CD-482B-BB39-26B85D1FCEAE}"
EndProject
Project("{2150E333-8FDC-42A3-9474-1A3956D46DE8}") = "Batch", "Batch", "{D22183C5-DFD3-4622-9E02-434D41EA990B}"
EndProject
Project("{2150E333-8FDC-42A3-9474-1A3956D46DE8}") = "Anwendungskern", "Anwendungskern", "{7C7E56D7-23FB-46AB-A658-1199A3008A57}"
EndProject
Project("{2150E333-8FDC-42A3-9474-1A3956D46DE8}") = "T-Komponenten", "T-Komponenten", "{39C09CD1-A09E-4912-A628-2B2047E18778}"
EndProject
Project("{2150E333-8FDC-42A3-9474-1A3956D46DE8}") = "Test", "Test", "{65346FBF-55FE-4BF6-A3C9-A805E51F0715}"
EndProject
Project("{2150E333-8FDC-42A3-9474-1A3956D46DE8}") = "Persistence", "Persistence", "{4B72DBF0-C12D-4534-87AA-9C5359A4B5EB}"
EndProject
Project("{FAE04EC0-301F-11D3-BF4B-00C04F79EFBC}") = "KundenVerwaltungsKomponente", "KundenVerwaltungsKomponente\KundenVerwaltungsKomponente.csproj", "{F52BB24B-3581-4201-86F4-3EC9D9D7B26C}"
EndProject
Project("{FAE04EC0-301F-11D3-BF4B-00C04F79EFBC}") = "BuchhaltungsVerwaltungsKomponente", "BuchhaltungsVerwaltungsKomponente\BuchhaltungsVerwaltungsKomponente.csproj", "{C9D819E1-F83F-47FB-A6C2-869FB407AD3E}"
EndProject
Project("{FAE04EC0-301F-11D3-BF4B-00C04F79EFBC}") = "TransportauftragVerwaltungsKomponente", "TransportauftragVerwaltungsKomponente\TransportauftragVerwaltungsKomponente.csproj", "{A8AF7257-10A7-4A25-B2FF-400DBFE95F34}"
EndProject
Project("{FAE04EC0-301F-11D3-BF4B-00C04F79EFBC}") = "AuftragsVerwaltungsKomponente", "AuftragsVerwaltungsKomponente\AuftragsVerwaltungsKomponente.csproj", "{92922C89-EBD5-4527-ADBF-5F999C2A3ADD}"
EndProject
Project("{FAE04EC0-301F-11D3-BF4B-00C04F79EFBC}") = "0TypenKomponente", "NullTypenKomponente\0TypenKomponente.csproj", "{06222526-7888-4ED3-B76B-BFCA3E86FD3A}"
EndProject
Project("{FAE04EC0-301F-11D3-BF4B-00C04F79EFBC}") = "ProduktVerwaltungsKomponente", "ProduktVerwaltunsKomponente\ProduktVerwaltungsKomponente.csproj", "{4794843D-5FC2-47CC-AB22-D5D9DF33DC75}"
EndProject
Project("{FAE04EC0-301F-11D3-BF4B-00C04F79EFBC}") = "Persistence-Management-Komponente", "Persistence-Management-Komponente\Persistence-Management-Komponente.csproj", "{1F8F7E27-F17C-4AED-BE1E-4DF69B7601A8}"
EndProject
Project("{FAE04EC0-301F-11D3-BF4B-00C04F79EFBC}") = "HAPSAR-Banksystem-Komponente", "HAPSAR-Banksystem-Komponente\HAPSAR-Banksystem-Komponente.csproj", "{4BE74DFE-AA77-4B10-91E3-9A1C0F7238E4}"
EndProject
Project("{FAE04EC0-301F-11D3-BF4B-00C04F79EFBC}") = "Lieferanten-System-Komponente", "Lieferanten-System-Komponente\Lieferanten-System-Komponente.csproj", "{8C4C2541-2778-4B61-BD94-128BDC6BD1C0}"
EndProject
Project("{FAE04EC0-301F-11D3-BF4B-00C04F79EFBC}") = "Transportdienstleiter-Komponente", "Transportdienstleiter-Komponente\Transportdienstleiter-Komponente.csproj", "{1E73A6B9-62CB-4566-85ED-EA133AE25CDF}"
EndProject
Project("{FAE04EC0-301F-11D3-BF4B-00C04F79EFBC}") = "SchluesselverwaltungsKomponente", "SchluesselverwaltungsKomponente\SchluesselverwaltungsKomponente.csproj", "{24A383A3-8075-47B6-8EBA-4F43A9BA3F66}"
EndProject
Project("{FAE04EC0-301F-11D3-BF4B-00C04F79EFBC}") = "TestProjectPersistenzmanager", "TestProjectPersistenzmanager\TestProjectPersistenzmanager.csproj", "{349309D3-AC28-4DE8-99B3-4A18E90DDEDF}"
EndProject
Project("{FAE04EC0-301F-11D3-BF4B-00C04F79EFBC}") = "TestProduktVerwaltung", "TestProject1\TestProduktVerwaltung.csproj", "{E3026ECE-63A1-404A-9866-0BC22323A7E9}"
EndProject
Global
	GlobalSection(TestCaseManagementSettings) = postSolution
		CategoryFile = App.vsmdi
	EndGlobalSection
	GlobalSection(SolutionConfigurationPlatforms) = preSolution
		Debug|Any CPU = Debug|Any CPU
		Debug|Mixed Platforms = Debug|Mixed Platforms
		Debug|x86 = Debug|x86
		Release|Any CPU = Release|Any CPU
		Release|Mixed Platforms = Release|Mixed Platforms
		Release|x86 = Release|x86
	EndGlobalSection
	GlobalSection(ProjectConfigurationPlatforms) = postSolution
		{E2B8E37C-AC7F-41C3-8909-469A01310BD0}.Debug|Any CPU.ActiveCfg = Debug|x86
		{E2B8E37C-AC7F-41C3-8909-469A01310BD0}.Debug|Mixed Platforms.ActiveCfg = Debug|x86
		{E2B8E37C-AC7F-41C3-8909-469A01310BD0}.Debug|Mixed Platforms.Build.0 = Debug|x86
		{E2B8E37C-AC7F-41C3-8909-469A01310BD0}.Debug|x86.ActiveCfg = Debug|x86
		{E2B8E37C-AC7F-41C3-8909-469A01310BD0}.Debug|x86.Build.0 = Debug|x86
		{E2B8E37C-AC7F-41C3-8909-469A01310BD0}.Release|Any CPU.ActiveCfg = Release|x86
		{E2B8E37C-AC7F-41C3-8909-469A01310BD0}.Release|Mixed Platforms.ActiveCfg = Release|x86
		{E2B8E37C-AC7F-41C3-8909-469A01310BD0}.Release|Mixed Platforms.Build.0 = Release|x86
		{E2B8E37C-AC7F-41C3-8909-469A01310BD0}.Release|x86.ActiveCfg = Release|x86
		{E2B8E37C-AC7F-41C3-8909-469A01310BD0}.Release|x86.Build.0 = Release|x86
		{0F7ED510-3816-4B73-8E75-3C2D9544ED76}.Debug|Any CPU.ActiveCfg = Debug|Any CPU
		{0F7ED510-3816-4B73-8E75-3C2D9544ED76}.Debug|Any CPU.Build.0 = Debug|Any CPU
		{0F7ED510-3816-4B73-8E75-3C2D9544ED76}.Debug|Mixed Platforms.ActiveCfg = Debug|Any CPU
		{0F7ED510-3816-4B73-8E75-3C2D9544ED76}.Debug|Mixed Platforms.Build.0 = Debug|Any CPU
		{0F7ED510-3816-4B73-8E75-3C2D9544ED76}.Debug|x86.ActiveCfg = Debug|Any CPU
		{0F7ED510-3816-4B73-8E75-3C2D9544ED76}.Release|Any CPU.ActiveCfg = Release|Any CPU
		{0F7ED510-3816-4B73-8E75-3C2D9544ED76}.Release|Any CPU.Build.0 = Release|Any CPU
		{0F7ED510-3816-4B73-8E75-3C2D9544ED76}.Release|Mixed Platforms.ActiveCfg = Release|Any CPU
		{0F7ED510-3816-4B73-8E75-3C2D9544ED76}.Release|Mixed Platforms.Build.0 = Release|Any CPU
		{0F7ED510-3816-4B73-8E75-3C2D9544ED76}.Release|x86.ActiveCfg = Release|Any CPU
		{21BC533A-D3A4-4D8E-92D8-181584747BD8}.Debug|Any CPU.ActiveCfg = Debug|Any CPU
		{21BC533A-D3A4-4D8E-92D8-181584747BD8}.Debug|Any CPU.Build.0 = Debug|Any CPU
		{21BC533A-D3A4-4D8E-92D8-181584747BD8}.Debug|Mixed Platforms.ActiveCfg = Debug|Any CPU
		{21BC533A-D3A4-4D8E-92D8-181584747BD8}.Debug|Mixed Platforms.Build.0 = Debug|Any CPU
		{21BC533A-D3A4-4D8E-92D8-181584747BD8}.Debug|x86.ActiveCfg = Debug|Any CPU
		{21BC533A-D3A4-4D8E-92D8-181584747BD8}.Release|Any CPU.ActiveCfg = Release|Any CPU
		{21BC533A-D3A4-4D8E-92D8-181584747BD8}.Release|Any CPU.Build.0 = Release|Any CPU
		{21BC533A-D3A4-4D8E-92D8-181584747BD8}.Release|Mixed Platforms.ActiveCfg = Release|Any CPU
		{21BC533A-D3A4-4D8E-92D8-181584747BD8}.Release|Mixed Platforms.Build.0 = Release|Any CPU
		{21BC533A-D3A4-4D8E-92D8-181584747BD8}.Release|x86.ActiveCfg = Release|Any CPU
		{F52BB24B-3581-4201-86F4-3EC9D9D7B26C}.Debug|Any CPU.ActiveCfg = Debug|Any CPU
		{F52BB24B-3581-4201-86F4-3EC9D9D7B26C}.Debug|Any CPU.Build.0 = Debug|Any CPU
		{F52BB24B-3581-4201-86F4-3EC9D9D7B26C}.Debug|Mixed Platforms.ActiveCfg = Debug|Any CPU
		{F52BB24B-3581-4201-86F4-3EC9D9D7B26C}.Debug|Mixed Platforms.Build.0 = Debug|Any CPU
		{F52BB24B-3581-4201-86F4-3EC9D9D7B26C}.Debug|x86.ActiveCfg = Debug|Any CPU
		{F52BB24B-3581-4201-86F4-3EC9D9D7B26C}.Release|Any CPU.ActiveCfg = Release|Any CPU
		{F52BB24B-3581-4201-86F4-3EC9D9D7B26C}.Release|Any CPU.Build.0 = Release|Any CPU
		{F52BB24B-3581-4201-86F4-3EC9D9D7B26C}.Release|Mixed Platforms.ActiveCfg = Release|Any CPU
		{F52BB24B-3581-4201-86F4-3EC9D9D7B26C}.Release|Mixed Platforms.Build.0 = Release|Any CPU
		{F52BB24B-3581-4201-86F4-3EC9D9D7B26C}.Release|x86.ActiveCfg = Release|Any CPU
		{C9D819E1-F83F-47FB-A6C2-869FB407AD3E}.Debug|Any CPU.ActiveCfg = Debug|Any CPU
		{C9D819E1-F83F-47FB-A6C2-869FB407AD3E}.Debug|Any CPU.Build.0 = Debug|Any CPU
		{C9D819E1-F83F-47FB-A6C2-869FB407AD3E}.Debug|Mixed Platforms.ActiveCfg = Debug|Any CPU
		{C9D819E1-F83F-47FB-A6C2-869FB407AD3E}.Debug|Mixed Platforms.Build.0 = Debug|Any CPU
		{C9D819E1-F83F-47FB-A6C2-869FB407AD3E}.Debug|x86.ActiveCfg = Debug|Any CPU
		{C9D819E1-F83F-47FB-A6C2-869FB407AD3E}.Release|Any CPU.ActiveCfg = Release|Any CPU
		{C9D819E1-F83F-47FB-A6C2-869FB407AD3E}.Release|Any CPU.Build.0 = Release|Any CPU
		{C9D819E1-F83F-47FB-A6C2-869FB407AD3E}.Release|Mixed Platforms.ActiveCfg = Release|Any CPU
		{C9D819E1-F83F-47FB-A6C2-869FB407AD3E}.Release|Mixed Platforms.Build.0 = Release|Any CPU
		{C9D819E1-F83F-47FB-A6C2-869FB407AD3E}.Release|x86.ActiveCfg = Release|Any CPU
		{A8AF7257-10A7-4A25-B2FF-400DBFE95F34}.Debug|Any CPU.ActiveCfg = Debug|Any CPU
		{A8AF7257-10A7-4A25-B2FF-400DBFE95F34}.Debug|Any CPU.Build.0 = Debug|Any CPU
		{A8AF7257-10A7-4A25-B2FF-400DBFE95F34}.Debug|Mixed Platforms.ActiveCfg = Debug|Any CPU
		{A8AF7257-10A7-4A25-B2FF-400DBFE95F34}.Debug|Mixed Platforms.Build.0 = Debug|Any CPU
		{A8AF7257-10A7-4A25-B2FF-400DBFE95F34}.Debug|x86.ActiveCfg = Debug|Any CPU
		{A8AF7257-10A7-4A25-B2FF-400DBFE95F34}.Release|Any CPU.ActiveCfg = Release|Any CPU
		{A8AF7257-10A7-4A25-B2FF-400DBFE95F34}.Release|Any CPU.Build.0 = Release|Any CPU
		{A8AF7257-10A7-4A25-B2FF-400DBFE95F34}.Release|Mixed Platforms.ActiveCfg = Release|Any CPU
		{A8AF7257-10A7-4A25-B2FF-400DBFE95F34}.Release|Mixed Platforms.Build.0 = Release|Any CPU
		{A8AF7257-10A7-4A25-B2FF-400DBFE95F34}.Release|x86.ActiveCfg = Release|Any CPU
		{92922C89-EBD5-4527-ADBF-5F999C2A3ADD}.Debug|Any CPU.ActiveCfg = Debug|Any CPU
		{92922C89-EBD5-4527-ADBF-5F999C2A3ADD}.Debug|Any CPU.Build.0 = Debug|Any CPU
		{92922C89-EBD5-4527-ADBF-5F999C2A3ADD}.Debug|Mixed Platforms.ActiveCfg = Debug|Any CPU
		{92922C89-EBD5-4527-ADBF-5F999C2A3ADD}.Debug|Mixed Platforms.Build.0 = Debug|Any CPU
		{92922C89-EBD5-4527-ADBF-5F999C2A3ADD}.Debug|x86.ActiveCfg = Debug|Any CPU
		{92922C89-EBD5-4527-ADBF-5F999C2A3ADD}.Release|Any CPU.ActiveCfg = Release|Any CPU
		{92922C89-EBD5-4527-ADBF-5F999C2A3ADD}.Release|Any CPU.Build.0 = Release|Any CPU
		{92922C89-EBD5-4527-ADBF-5F999C2A3ADD}.Release|Mixed Platforms.ActiveCfg = Release|Any CPU
		{92922C89-EBD5-4527-ADBF-5F999C2A3ADD}.Release|Mixed Platforms.Build.0 = Release|Any CPU
		{92922C89-EBD5-4527-ADBF-5F999C2A3ADD}.Release|x86.ActiveCfg = Release|Any CPU
		{06222526-7888-4ED3-B76B-BFCA3E86FD3A}.Debug|Any CPU.ActiveCfg = Debug|Any CPU
		{06222526-7888-4ED3-B76B-BFCA3E86FD3A}.Debug|Any CPU.Build.0 = Debug|Any CPU
		{06222526-7888-4ED3-B76B-BFCA3E86FD3A}.Debug|Mixed Platforms.ActiveCfg = Debug|Any CPU
		{06222526-7888-4ED3-B76B-BFCA3E86FD3A}.Debug|Mixed Platforms.Build.0 = Debug|Any CPU
		{06222526-7888-4ED3-B76B-BFCA3E86FD3A}.Debug|x86.ActiveCfg = Debug|Any CPU
		{06222526-7888-4ED3-B76B-BFCA3E86FD3A}.Release|Any CPU.ActiveCfg = Release|Any CPU
		{06222526-7888-4ED3-B76B-BFCA3E86FD3A}.Release|Any CPU.Build.0 = Release|Any CPU
		{06222526-7888-4ED3-B76B-BFCA3E86FD3A}.Release|Mixed Platforms.ActiveCfg = Release|Any CPU
		{06222526-7888-4ED3-B76B-BFCA3E86FD3A}.Release|Mixed Platforms.Build.0 = Release|Any CPU
		{06222526-7888-4ED3-B76B-BFCA3E86FD3A}.Release|x86.ActiveCfg = Release|Any CPU
		{4794843D-5FC2-47CC-AB22-D5D9DF33DC75}.Debug|Any CPU.ActiveCfg = Debug|Any CPU
		{4794843D-5FC2-47CC-AB22-D5D9DF33DC75}.Debug|Any CPU.Build.0 = Debug|Any CPU
		{4794843D-5FC2-47CC-AB22-D5D9DF33DC75}.Debug|Mixed Platforms.ActiveCfg = Debug|Any CPU
		{4794843D-5FC2-47CC-AB22-D5D9DF33DC75}.Debug|Mixed Platforms.Build.0 = Debug|Any CPU
		{4794843D-5FC2-47CC-AB22-D5D9DF33DC75}.Debug|x86.ActiveCfg = Debug|Any CPU
		{4794843D-5FC2-47CC-AB22-D5D9DF33DC75}.Release|Any CPU.ActiveCfg = Release|Any CPU
		{4794843D-5FC2-47CC-AB22-D5D9DF33DC75}.Release|Any CPU.Build.0 = Release|Any CPU
		{4794843D-5FC2-47CC-AB22-D5D9DF33DC75}.Release|Mixed Platforms.ActiveCfg = Release|Any CPU
		{4794843D-5FC2-47CC-AB22-D5D9DF33DC75}.Release|Mixed Platforms.Build.0 = Release|Any CPU
		{4794843D-5FC2-47CC-AB22-D5D9DF33DC75}.Release|x86.ActiveCfg = Release|Any CPU
		{1F8F7E27-F17C-4AED-BE1E-4DF69B7601A8}.Debug|Any CPU.ActiveCfg = Debug|Any CPU
		{1F8F7E27-F17C-4AED-BE1E-4DF69B7601A8}.Debug|Any CPU.Build.0 = Debug|Any CPU
		{1F8F7E27-F17C-4AED-BE1E-4DF69B7601A8}.Debug|Mixed Platforms.ActiveCfg = Debug|Any CPU
		{1F8F7E27-F17C-4AED-BE1E-4DF69B7601A8}.Debug|Mixed Platforms.Build.0 = Debug|Any CPU
		{1F8F7E27-F17C-4AED-BE1E-4DF69B7601A8}.Debug|x86.ActiveCfg = Debug|Any CPU
		{1F8F7E27-F17C-4AED-BE1E-4DF69B7601A8}.Release|Any CPU.ActiveCfg = Release|Any CPU
		{1F8F7E27-F17C-4AED-BE1E-4DF69B7601A8}.Release|Any CPU.Build.0 = Release|Any CPU
		{1F8F7E27-F17C-4AED-BE1E-4DF69B7601A8}.Release|Mixed Platforms.ActiveCfg = Release|Any CPU
		{1F8F7E27-F17C-4AED-BE1E-4DF69B7601A8}.Release|Mixed Platforms.Build.0 = Release|Any CPU
		{1F8F7E27-F17C-4AED-BE1E-4DF69B7601A8}.Release|x86.ActiveCfg = Release|Any CPU
		{4BE74DFE-AA77-4B10-91E3-9A1C0F7238E4}.Debug|Any CPU.ActiveCfg = Debug|Any CPU
		{4BE74DFE-AA77-4B10-91E3-9A1C0F7238E4}.Debug|Any CPU.Build.0 = Debug|Any CPU
		{4BE74DFE-AA77-4B10-91E3-9A1C0F7238E4}.Debug|Mixed Platforms.ActiveCfg = Debug|Any CPU
		{4BE74DFE-AA77-4B10-91E3-9A1C0F7238E4}.Debug|Mixed Platforms.Build.0 = Debug|Any CPU
		{4BE74DFE-AA77-4B10-91E3-9A1C0F7238E4}.Debug|x86.ActiveCfg = Debug|Any CPU
		{4BE74DFE-AA77-4B10-91E3-9A1C0F7238E4}.Release|Any CPU.ActiveCfg = Release|Any CPU
		{4BE74DFE-AA77-4B10-91E3-9A1C0F7238E4}.Release|Any CPU.Build.0 = Release|Any CPU
		{4BE74DFE-AA77-4B10-91E3-9A1C0F7238E4}.Release|Mixed Platforms.ActiveCfg = Release|Any CPU
		{4BE74DFE-AA77-4B10-91E3-9A1C0F7238E4}.Release|Mixed Platforms.Build.0 = Release|Any CPU
		{4BE74DFE-AA77-4B10-91E3-9A1C0F7238E4}.Release|x86.ActiveCfg = Release|Any CPU
		{8C4C2541-2778-4B61-BD94-128BDC6BD1C0}.Debug|Any CPU.ActiveCfg = Debug|Any CPU
		{8C4C2541-2778-4B61-BD94-128BDC6BD1C0}.Debug|Any CPU.Build.0 = Debug|Any CPU
		{8C4C2541-2778-4B61-BD94-128BDC6BD1C0}.Debug|Mixed Platforms.ActiveCfg = Debug|Any CPU
		{8C4C2541-2778-4B61-BD94-128BDC6BD1C0}.Debug|Mixed Platforms.Build.0 = Debug|Any CPU
		{8C4C2541-2778-4B61-BD94-128BDC6BD1C0}.Debug|x86.ActiveCfg = Debug|Any CPU
		{8C4C2541-2778-4B61-BD94-128BDC6BD1C0}.Release|Any CPU.ActiveCfg = Release|Any CPU
		{8C4C2541-2778-4B61-BD94-128BDC6BD1C0}.Release|Any CPU.Build.0 = Release|Any CPU
		{8C4C2541-2778-4B61-BD94-128BDC6BD1C0}.Release|Mixed Platforms.ActiveCfg = Release|Any CPU
		{8C4C2541-2778-4B61-BD94-128BDC6BD1C0}.Release|Mixed Platforms.Build.0 = Release|Any CPU
		{8C4C2541-2778-4B61-BD94-128BDC6BD1C0}.Release|x86.ActiveCfg = Release|Any CPU
		{1E73A6B9-62CB-4566-85ED-EA133AE25CDF}.Debug|Any CPU.ActiveCfg = Debug|Any CPU
		{1E73A6B9-62CB-4566-85ED-EA133AE25CDF}.Debug|Any CPU.Build.0 = Debug|Any CPU
		{1E73A6B9-62CB-4566-85ED-EA133AE25CDF}.Debug|Mixed Platforms.ActiveCfg = Debug|Any CPU
		{1E73A6B9-62CB-4566-85ED-EA133AE25CDF}.Debug|Mixed Platforms.Build.0 = Debug|Any CPU
		{1E73A6B9-62CB-4566-85ED-EA133AE25CDF}.Debug|x86.ActiveCfg = Debug|Any CPU
		{1E73A6B9-62CB-4566-85ED-EA133AE25CDF}.Release|Any CPU.ActiveCfg = Release|Any CPU
		{1E73A6B9-62CB-4566-85ED-EA133AE25CDF}.Release|Any CPU.Build.0 = Release|Any CPU
		{1E73A6B9-62CB-4566-85ED-EA133AE25CDF}.Release|Mixed Platforms.ActiveCfg = Release|Any CPU
		{1E73A6B9-62CB-4566-85ED-EA133AE25CDF}.Release|Mixed Platforms.Build.0 = Release|Any CPU
		{1E73A6B9-62CB-4566-85ED-EA133AE25CDF}.Release|x86.ActiveCfg = Release|Any CPU
		{24A383A3-8075-47B6-8EBA-4F43A9BA3F66}.Debug|Any CPU.ActiveCfg = Debug|Any CPU
		{24A383A3-8075-47B6-8EBA-4F43A9BA3F66}.Debug|Any CPU.Build.0 = Debug|Any CPU
		{24A383A3-8075-47B6-8EBA-4F43A9BA3F66}.Debug|Mixed Platforms.ActiveCfg = Debug|Any CPU
		{24A383A3-8075-47B6-8EBA-4F43A9BA3F66}.Debug|Mixed Platforms.Build.0 = Debug|Any CPU
		{24A383A3-8075-47B6-8EBA-4F43A9BA3F66}.Debug|x86.ActiveCfg = Debug|Any CPU
		{24A383A3-8075-47B6-8EBA-4F43A9BA3F66}.Release|Any CPU.ActiveCfg = Release|Any CPU
		{24A383A3-8075-47B6-8EBA-4F43A9BA3F66}.Release|Any CPU.Build.0 = Release|Any CPU
		{24A383A3-8075-47B6-8EBA-4F43A9BA3F66}.Release|Mixed Platforms.ActiveCfg = Release|Any CPU
		{24A383A3-8075-47B6-8EBA-4F43A9BA3F66}.Release|Mixed Platforms.Build.0 = Release|Any CPU
		{24A383A3-8075-47B6-8EBA-4F43A9BA3F66}.Release|x86.ActiveCfg = Release|Any CPU
		{349309D3-AC28-4DE8-99B3-4A18E90DDEDF}.Debug|Any CPU.ActiveCfg = Debug|Any CPU
		{349309D3-AC28-4DE8-99B3-4A18E90DDEDF}.Debug|Any CPU.Build.0 = Debug|Any CPU
		{349309D3-AC28-4DE8-99B3-4A18E90DDEDF}.Debug|Mixed Platforms.ActiveCfg = Debug|Any CPU
		{349309D3-AC28-4DE8-99B3-4A18E90DDEDF}.Debug|Mixed Platforms.Build.0 = Debug|Any CPU
		{349309D3-AC28-4DE8-99B3-4A18E90DDEDF}.Debug|x86.ActiveCfg = Debug|Any CPU
		{349309D3-AC28-4DE8-99B3-4A18E90DDEDF}.Release|Any CPU.ActiveCfg = Release|Any CPU
		{349309D3-AC28-4DE8-99B3-4A18E90DDEDF}.Release|Any CPU.Build.0 = Release|Any CPU
		{349309D3-AC28-4DE8-99B3-4A18E90DDEDF}.Release|Mixed Platforms.ActiveCfg = Release|Any CPU
		{349309D3-AC28-4DE8-99B3-4A18E90DDEDF}.Release|Mixed Platforms.Build.0 = Release|Any CPU
		{349309D3-AC28-4DE8-99B3-4A18E90DDEDF}.Release|x86.ActiveCfg = Release|Any CPU
		{E3026ECE-63A1-404A-9866-0BC22323A7E9}.Debug|Any CPU.ActiveCfg = Debug|Any CPU
		{E3026ECE-63A1-404A-9866-0BC22323A7E9}.Debug|Any CPU.Build.0 = Debug|Any CPU
		{E3026ECE-63A1-404A-9866-0BC22323A7E9}.Debug|Mixed Platforms.ActiveCfg = Debug|Any CPU
		{E3026ECE-63A1-404A-9866-0BC22323A7E9}.Debug|Mixed Platforms.Build.0 = Debug|Any CPU
		{E3026ECE-63A1-404A-9866-0BC22323A7E9}.Debug|x86.ActiveCfg = Debug|Any CPU
		{E3026ECE-63A1-404A-9866-0BC22323A7E9}.Release|Any CPU.ActiveCfg = Release|Any CPU
		{E3026ECE-63A1-404A-9866-0BC22323A7E9}.Release|Any CPU.Build.0 = Release|Any CPU
		{E3026ECE-63A1-404A-9866-0BC22323A7E9}.Release|Mixed Platforms.ActiveCfg = Release|Any CPU
		{E3026ECE-63A1-404A-9866-0BC22323A7E9}.Release|Mixed Platforms.Build.0 = Release|Any CPU
		{E3026ECE-63A1-404A-9866-0BC22323A7E9}.Release|x86.ActiveCfg = Release|Any CPU
	EndGlobalSection
	GlobalSection(SolutionProperties) = preSolution
		HideSolutionNode = FALSE
	EndGlobalSection
	GlobalSection(NestedProjects) = preSolution
		{F52BB24B-3581-4201-86F4-3EC9D9D7B26C} = {7C7E56D7-23FB-46AB-A658-1199A3008A57}
		{C9D819E1-F83F-47FB-A6C2-869FB407AD3E} = {7C7E56D7-23FB-46AB-A658-1199A3008A57}
		{A8AF7257-10A7-4A25-B2FF-400DBFE95F34} = {7C7E56D7-23FB-46AB-A658-1199A3008A57}
		{92922C89-EBD5-4527-ADBF-5F999C2A3ADD} = {7C7E56D7-23FB-46AB-A658-1199A3008A57}
		{06222526-7888-4ED3-B76B-BFCA3E86FD3A} = {7C7E56D7-23FB-46AB-A658-1199A3008A57}
		{4794843D-5FC2-47CC-AB22-D5D9DF33DC75} = {7C7E56D7-23FB-46AB-A658-1199A3008A57}
		{24A383A3-8075-47B6-8EBA-4F43A9BA3F66} = {7C7E56D7-23FB-46AB-A658-1199A3008A57}
		{1F8F7E27-F17C-4AED-BE1E-4DF69B7601A8} = {4B72DBF0-C12D-4534-87AA-9C5359A4B5EB}
		{4BE74DFE-AA77-4B10-91E3-9A1C0F7238E4} = {4B72DBF0-C12D-4534-87AA-9C5359A4B5EB}
		{8C4C2541-2778-4B61-BD94-128BDC6BD1C0} = {4B72DBF0-C12D-4534-87AA-9C5359A4B5EB}
		{1E73A6B9-62CB-4566-85ED-EA133AE25CDF} = {4B72DBF0-C12D-4534-87AA-9C5359A4B5EB}
	EndGlobalSection
EndGlobal
